
Microsoft Visual Studio Solution File, Format Version 12.00
# Visual Studio 14
VisualStudioVersion = 14.0.24720.0
MinimumVisualStudioVersion = 10.0.40219.1
Project("{FAE04EC0-301F-11D3-BF4B-00C04F79EFBC}") = "ReactTest", "ReactTest\ReactTest.csproj", "{08B034FE-DFC1-4DDB-B10E-C403B39CB7E9}"
EndProject
Project("{FAE04EC0-301F-11D3-BF4B-00C04F79EFBC}") = "ReactTest2", "ReactTest2\ReactTest2.csproj", "{AB24FF07-C3D9-4BB2-9125-ABEDFE7EAA7B}"
EndProject
Global
	GlobalSection(SolutionConfigurationPlatforms) = preSolution
		Debug|Any CPU = Debug|Any CPU
		Release|Any CPU = Release|Any CPU
	EndGlobalSection
	GlobalSection(ProjectConfigurationPlatforms) = postSolution
		{08B034FE-DFC1-4DDB-B10E-C403B39CB7E9}.Debug|Any CPU.ActiveCfg = Debug|Any CPU
		{08B034FE-DFC1-4DDB-B10E-C403B39CB7E9}.Debug|Any CPU.Build.0 = Debug|Any CPU
		{08B034FE-DFC1-4DDB-B10E-C403B39CB7E9}.Release|Any CPU.ActiveCfg = Release|Any CPU
		{08B034FE-DFC1-4DDB-B10E-C403B39CB7E9}.Release|Any CPU.Build.0 = Release|Any CPU
		{AB24FF07-C3D9-4BB2-9125-ABEDFE7EAA7B}.Debug|Any CPU.ActiveCfg = Debug|Any CPU
		{AB24FF07-C3D9-4BB2-9125-ABEDFE7EAA7B}.Debug|Any CPU.Build.0 = Debug|Any CPU
		{AB24FF07-C3D9-4BB2-9125-ABEDFE7EAA7B}.Release|Any CPU.ActiveCfg = Release|Any CPU
		{AB24FF07-C3D9-4BB2-9125-ABEDFE7EAA7B}.Release|Any CPU.Build.0 = Release|Any CPU
	EndGlobalSection
	GlobalSection(SolutionProperties) = preSolution
		HideSolutionNode = FALSE
	EndGlobalSection
EndGlobal
